
Microsoft Visual Studio Solution File, Format Version 12.00
# Visual Studio Version 17
VisualStudioVersion = 17.3.32811.315
MinimumVisualStudioVersion = 10.0.40219.1
Project("{9A19103F-16F7-4668-BE54-9A1E7A4F7556}") = "SimpleAlgs", "SimpleAlgs\SimpleAlgs.csproj", "{BE99C1F0-56D7-4E5B-B9B0-80E48D4C8FBA}"
EndProject
Project("{9A19103F-16F7-4668-BE54-9A1E7A4F7556}") = "SimpleAlgs.Tests", "SimpleAlgs.Tests\SimpleAlgs.Tests.csproj", "{D925A183-8A98-417F-A795-994131240FA5}"
EndProject
Project("{FAE04EC0-301F-11D3-BF4B-00C04F79EFBC}") = "DataStructures", "DataStructures\DataStructures.csproj", "{8ADCF74C-1D9A-48F7-A81C-5BCD57AA9D25}"
EndProject
Global
	GlobalSection(SolutionConfigurationPlatforms) = preSolution
		Debug|Any CPU = Debug|Any CPU
		Release|Any CPU = Release|Any CPU
	EndGlobalSection
	GlobalSection(ProjectConfigurationPlatforms) = postSolution
		{BE99C1F0-56D7-4E5B-B9B0-80E48D4C8FBA}.Debug|Any CPU.ActiveCfg = Debug|Any CPU
		{BE99C1F0-56D7-4E5B-B9B0-80E48D4C8FBA}.Debug|Any CPU.Build.0 = Debug|Any CPU
		{BE99C1F0-56D7-4E5B-B9B0-80E48D4C8FBA}.Release|Any CPU.ActiveCfg = Release|Any CPU
		{BE99C1F0-56D7-4E5B-B9B0-80E48D4C8FBA}.Release|Any CPU.Build.0 = Release|Any CPU
		{D925A183-8A98-417F-A795-994131240FA5}.Debug|Any CPU.ActiveCfg = Debug|Any CPU
		{D925A183-8A98-417F-A795-994131240FA5}.Debug|Any CPU.Build.0 = Debug|Any CPU
		{D925A183-8A98-417F-A795-994131240FA5}.Release|Any CPU.ActiveCfg = Release|Any CPU
		{D925A183-8A98-417F-A795-994131240FA5}.Release|Any CPU.Build.0 = Release|Any CPU
		{8ADCF74C-1D9A-48F7-A81C-5BCD57AA9D25}.Debug|Any CPU.ActiveCfg = Debug|Any CPU
		{8ADCF74C-1D9A-48F7-A81C-5BCD57AA9D25}.Debug|Any CPU.Build.0 = Debug|Any CPU
		{8ADCF74C-1D9A-48F7-A81C-5BCD57AA9D25}.Release|Any CPU.ActiveCfg = Release|Any CPU
		{8ADCF74C-1D9A-48F7-A81C-5BCD57AA9D25}.Release|Any CPU.Build.0 = Release|Any CPU
	EndGlobalSection
	GlobalSection(SolutionProperties) = preSolution
		HideSolutionNode = FALSE
	EndGlobalSection
	GlobalSection(ExtensibilityGlobals) = postSolution
		SolutionGuid = {570BDDF9-4436-4292-BA78-B8D9FD00FF4D}
	EndGlobalSection
EndGlobal
